{
  "name": "esmp_js",
  "version": "1.0.0",
  "lockfileVersion": 3,
  "requires": true,
  "packages": {
    "": {
      "name": "esmp_js",
      "version": "1.0.0",
      "license": "ISC",
      "dependencies": {
        "axios": "^1.7.4",
        "chokidar": "^3.6.0",
        "dotenv": "^16.4.5",
        "firebase": "^10.12.3",
        "node-notifier": "^10.0.1"
      }
    },
    "node_modules/@fastify/busboy": {
      "version": "2.1.1",
      "license": "MIT",
      "engines": {
        "node": ">=14"
      }
    },
    "node_modules/@firebase/analytics": {
      "version": "0.10.5",
      "license": "Apache-2.0",
      "dependencies": {
        "@firebase/component": "0.6.8",
        "@firebase/installations": "0.6.8",
        "@firebase/logger": "0.4.2",
        "@firebase/util": "1.9.7",
        "tslib": "^2.1.0"
      },
      "peerDependencies": {
        "@firebase/app": "0.x"
      }
    },
    "node_modules/@firebase/analytics-compat": {
      "version": "0.2.11",
      "license": "Apache-2.0",
      "dependencies": {
        "@firebase/analytics": "0.10.5",
        "@firebase/analytics-types": "0.8.2",
        "@firebase/component": "0.6.8",
        "@firebase/util": "1.9.7",
        "tslib": "^2.1.0"
      },
      "peerDependencies": {
        "@firebase/app-compat": "0.x"
      }
    },
    "node_modules/@firebase/analytics-types": {
      "version": "0.8.2",
      "license": "Apache-2.0"
    },
    "node_modules/@firebase/app": {
      "version": "0.10.6",
      "license": "Apache-2.0",
      "dependencies": {
        "@firebase/component": "0.6.8",
        "@firebase/logger": "0.4.2",
        "@firebase/util": "1.9.7",
        "idb": "7.1.1",
        "tslib": "^2.1.0"
      }
    },
    "node_modules/@firebase/app-check": {
      "version": "0.8.5",
      "license": "Apache-2.0",
      "dependencies": {
        "@firebase/component": "0.6.8",
        "@firebase/logger": "0.4.2",
        "@firebase/util": "1.9.7",
        "tslib": "^2.1.0"
      },
      "peerDependencies": {
        "@firebase/app": "0.x"
      }
    },
    "node_modules/@firebase/app-check-compat": {
      "version": "0.3.12",
      "license": "Apache-2.0",
      "dependencies": {
        "@firebase/app-check": "0.8.5",
        "@firebase/app-check-types": "0.5.2",
        "@firebase/component": "0.6.8",
        "@firebase/logger": "0.4.2",
        "@firebase/util": "1.9.7",
        "tslib": "^2.1.0"
      },
      "peerDependencies": {
        "@firebase/app-compat": "0.x"
      }
    },
    "node_modules/@firebase/app-check-interop-types": {
      "version": "0.3.2",
      "license": "Apache-2.0"
    },
    "node_modules/@firebase/app-check-types": {
      "version": "0.5.2",
      "license": "Apache-2.0"
    },
    "node_modules/@firebase/app-compat": {
      "version": "0.2.36",
      "license": "Apache-2.0",
      "dependencies": {
        "@firebase/app": "0.10.6",
        "@firebase/component": "0.6.8",
        "@firebase/logger": "0.4.2",
        "@firebase/util": "1.9.7",
        "tslib": "^2.1.0"
      }
    },
    "node_modules/@firebase/app-types": {
      "version": "0.9.2",
      "license": "Apache-2.0"
    },
    "node_modules/@firebase/auth": {
      "version": "1.7.5",
      "license": "Apache-2.0",
      "dependencies": {
        "@firebase/component": "0.6.8",
        "@firebase/logger": "0.4.2",
        "@firebase/util": "1.9.7",
        "tslib": "^2.1.0",
        "undici": "5.28.4"
      },
      "peerDependencies": {
        "@firebase/app": "0.x",
        "@react-native-async-storage/async-storage": "^1.18.1"
      },
      "peerDependenciesMeta": {
        "@react-native-async-storage/async-storage": {
          "optional": true
        }
      }
    },
    "node_modules/@firebase/auth-compat": {
      "version": "0.5.10",
      "license": "Apache-2.0",
      "dependencies": {
        "@firebase/auth": "1.7.5",
        "@firebase/auth-types": "0.12.2",
        "@firebase/component": "0.6.8",
        "@firebase/util": "1.9.7",
        "tslib": "^2.1.0",
        "undici": "5.28.4"
      },
      "peerDependencies": {
        "@firebase/app-compat": "0.x"
      }
    },
    "node_modules/@firebase/auth-interop-types": {
      "version": "0.2.3",
      "license": "Apache-2.0"
    },
    "node_modules/@firebase/auth-types": {
      "version": "0.12.2",
      "license": "Apache-2.0",
      "peerDependencies": {
        "@firebase/app-types": "0.x",
        "@firebase/util": "1.x"
      }
    },
    "node_modules/@firebase/component": {
      "version": "0.6.8",
      "license": "Apache-2.0",
      "dependencies": {
        "@firebase/util": "1.9.7",
        "tslib": "^2.1.0"
      }
    },
    "node_modules/@firebase/database": {
      "version": "1.0.6",
      "license": "Apache-2.0",
      "dependencies": {
        "@firebase/app-check-interop-types": "0.3.2",
        "@firebase/auth-interop-types": "0.2.3",
        "@firebase/component": "0.6.8",
        "@firebase/logger": "0.4.2",
        "@firebase/util": "1.9.7",
        "faye-websocket": "0.11.4",
        "tslib": "^2.1.0"
      }
    },
    "node_modules/@firebase/database-compat": {
      "version": "1.0.6",
      "license": "Apache-2.0",
      "dependencies": {
        "@firebase/component": "0.6.8",
        "@firebase/database": "1.0.6",
        "@firebase/database-types": "1.0.4",
        "@firebase/logger": "0.4.2",
        "@firebase/util": "1.9.7",
        "tslib": "^2.1.0"
      }
    },
    "node_modules/@firebase/database-types": {
      "version": "1.0.4",
      "license": "Apache-2.0",
      "dependencies": {
        "@firebase/app-types": "0.9.2",
        "@firebase/util": "1.9.7"
      }
    },
    "node_modules/@firebase/firestore": {
      "version": "4.6.4",
      "license": "Apache-2.0",
      "dependencies": {
        "@firebase/component": "0.6.8",
        "@firebase/logger": "0.4.2",
        "@firebase/util": "1.9.7",
        "@firebase/webchannel-wrapper": "1.0.1",
        "@grpc/grpc-js": "~1.9.0",
        "@grpc/proto-loader": "^0.7.8",
        "tslib": "^2.1.0",
        "undici": "5.28.4"
      },
      "engines": {
        "node": ">=10.10.0"
      },
      "peerDependencies": {
        "@firebase/app": "0.x"
      }
    },
    "node_modules/@firebase/firestore-compat": {
      "version": "0.3.33",
      "license": "Apache-2.0",
      "dependencies": {
        "@firebase/component": "0.6.8",
        "@firebase/firestore": "4.6.4",
        "@firebase/firestore-types": "3.0.2",
        "@firebase/util": "1.9.7",
        "tslib": "^2.1.0"
      },
      "peerDependencies": {
        "@firebase/app-compat": "0.x"
      }
    },
    "node_modules/@firebase/firestore-types": {
      "version": "3.0.2",
      "license": "Apache-2.0",
      "peerDependencies": {
        "@firebase/app-types": "0.x",
        "@firebase/util": "1.x"
      }
    },
    "node_modules/@firebase/functions": {
      "version": "0.11.6",
      "license": "Apache-2.0",
      "dependencies": {
        "@firebase/app-check-interop-types": "0.3.2",
        "@firebase/auth-interop-types": "0.2.3",
        "@firebase/component": "0.6.8",
        "@firebase/messaging-interop-types": "0.2.2",
        "@firebase/util": "1.9.7",
        "tslib": "^2.1.0",
        "undici": "5.28.4"
      },
      "peerDependencies": {
        "@firebase/app": "0.x"
      }
    },
    "node_modules/@firebase/functions-compat": {
      "version": "0.3.12",
      "license": "Apache-2.0",
      "dependencies": {
        "@firebase/component": "0.6.8",
        "@firebase/functions": "0.11.6",
        "@firebase/functions-types": "0.6.2",
        "@firebase/util": "1.9.7",
        "tslib": "^2.1.0"
      },
      "peerDependencies": {
        "@firebase/app-compat": "0.x"
      }
    },
    "node_modules/@firebase/functions-types": {
      "version": "0.6.2",
      "license": "Apache-2.0"
    },
    "node_modules/@firebase/installations": {
      "version": "0.6.8",
      "license": "Apache-2.0",
      "dependencies": {
        "@firebase/component": "0.6.8",
        "@firebase/util": "1.9.7",
        "idb": "7.1.1",
        "tslib": "^2.1.0"
      },
      "peerDependencies": {
        "@firebase/app": "0.x"
      }
    },
    "node_modules/@firebase/installations-compat": {
      "version": "0.2.8",
      "license": "Apache-2.0",
      "dependencies": {
        "@firebase/component": "0.6.8",
        "@firebase/installations": "0.6.8",
        "@firebase/installations-types": "0.5.2",
        "@firebase/util": "1.9.7",
        "tslib": "^2.1.0"
      },
      "peerDependencies": {
        "@firebase/app-compat": "0.x"
      }
    },
    "node_modules/@firebase/installations-types": {
      "version": "0.5.2",
      "license": "Apache-2.0",
      "peerDependencies": {
        "@firebase/app-types": "0.x"
      }
    },
    "node_modules/@firebase/logger": {
      "version": "0.4.2",
      "license": "Apache-2.0",
      "dependencies": {
        "tslib": "^2.1.0"
      }
    },
    "node_modules/@firebase/messaging": {
      "version": "0.12.10",
      "license": "Apache-2.0",
      "dependencies": {
        "@firebase/component": "0.6.8",
        "@firebase/installations": "0.6.8",
        "@firebase/messaging-interop-types": "0.2.2",
        "@firebase/util": "1.9.7",
        "idb": "7.1.1",
        "tslib": "^2.1.0"
      },
      "peerDependencies": {
        "@firebase/app": "0.x"
      }
    },
    "node_modules/@firebase/messaging-compat": {
      "version": "0.2.10",
      "license": "Apache-2.0",
      "dependencies": {
        "@firebase/component": "0.6.8",
        "@firebase/messaging": "0.12.10",
        "@firebase/util": "1.9.7",
        "tslib": "^2.1.0"
      },
      "peerDependencies": {
        "@firebase/app-compat": "0.x"
      }
    },
    "node_modules/@firebase/messaging-interop-types": {
      "version": "0.2.2",
      "license": "Apache-2.0"
    },
    "node_modules/@firebase/performance": {
      "version": "0.6.8",
      "license": "Apache-2.0",
      "dependencies": {
        "@firebase/component": "0.6.8",
        "@firebase/installations": "0.6.8",
        "@firebase/logger": "0.4.2",
        "@firebase/util": "1.9.7",
        "tslib": "^2.1.0"
      },
      "peerDependencies": {
        "@firebase/app": "0.x"
      }
    },
    "node_modules/@firebase/performance-compat": {
      "version": "0.2.8",
      "license": "Apache-2.0",
      "dependencies": {
        "@firebase/component": "0.6.8",
        "@firebase/logger": "0.4.2",
        "@firebase/performance": "0.6.8",
        "@firebase/performance-types": "0.2.2",
        "@firebase/util": "1.9.7",
        "tslib": "^2.1.0"
      },
      "peerDependencies": {
        "@firebase/app-compat": "0.x"
      }
    },
    "node_modules/@firebase/performance-types": {
      "version": "0.2.2",
      "license": "Apache-2.0"
    },
    "node_modules/@firebase/remote-config": {
      "version": "0.4.8",
      "license": "Apache-2.0",
      "dependencies": {
        "@firebase/component": "0.6.8",
        "@firebase/installations": "0.6.8",
        "@firebase/logger": "0.4.2",
        "@firebase/util": "1.9.7",
        "tslib": "^2.1.0"
      },
      "peerDependencies": {
        "@firebase/app": "0.x"
      }
    },
    "node_modules/@firebase/remote-config-compat": {
      "version": "0.2.8",
      "license": "Apache-2.0",
      "dependencies": {
        "@firebase/component": "0.6.8",
        "@firebase/logger": "0.4.2",
        "@firebase/remote-config": "0.4.8",
        "@firebase/remote-config-types": "0.3.2",
        "@firebase/util": "1.9.7",
        "tslib": "^2.1.0"
      },
      "peerDependencies": {
        "@firebase/app-compat": "0.x"
      }
    },
    "node_modules/@firebase/remote-config-types": {
      "version": "0.3.2",
      "license": "Apache-2.0"
    },
    "node_modules/@firebase/storage": {
      "version": "0.12.6",
      "license": "Apache-2.0",
      "dependencies": {
        "@firebase/component": "0.6.8",
        "@firebase/util": "1.9.7",
        "tslib": "^2.1.0",
        "undici": "5.28.4"
      },
      "peerDependencies": {
        "@firebase/app": "0.x"
      }
    },
    "node_modules/@firebase/storage-compat": {
      "version": "0.3.9",
      "license": "Apache-2.0",
      "dependencies": {
        "@firebase/component": "0.6.8",
        "@firebase/storage": "0.12.6",
        "@firebase/storage-types": "0.8.2",
        "@firebase/util": "1.9.7",
        "tslib": "^2.1.0"
      },
      "peerDependencies": {
        "@firebase/app-compat": "0.x"
      }
    },
    "node_modules/@firebase/storage-types": {
      "version": "0.8.2",
      "license": "Apache-2.0",
      "peerDependencies": {
        "@firebase/app-types": "0.x",
        "@firebase/util": "1.x"
      }
    },
    "node_modules/@firebase/util": {
      "version": "1.9.7",
      "license": "Apache-2.0",
      "dependencies": {
        "tslib": "^2.1.0"
      }
    },
    "node_modules/@firebase/vertexai-preview": {
      "version": "0.0.3",
      "license": "Apache-2.0",
      "dependencies": {
        "@firebase/app-check-interop-types": "0.3.2",
        "@firebase/component": "0.6.8",
        "@firebase/logger": "0.4.2",
        "@firebase/util": "1.9.7",
        "tslib": "^2.1.0"
      },
      "engines": {
        "node": ">=18.0.0"
      },
      "peerDependencies": {
        "@firebase/app": "0.x",
        "@firebase/app-types": "0.x"
      }
    },
    "node_modules/@firebase/webchannel-wrapper": {
      "version": "1.0.1",
      "license": "Apache-2.0"
    },
    "node_modules/@grpc/grpc-js": {
      "version": "1.9.15",
      "license": "Apache-2.0",
      "dependencies": {
        "@grpc/proto-loader": "^0.7.8",
        "@types/node": ">=12.12.47"
      },
      "engines": {
        "node": "^8.13.0 || >=10.10.0"
      }
    },
    "node_modules/@grpc/proto-loader": {
      "version": "0.7.13",
      "license": "Apache-2.0",
      "dependencies": {
        "lodash.camelcase": "^4.3.0",
        "long": "^5.0.0",
        "protobufjs": "^7.2.5",
        "yargs": "^17.7.2"
      },
      "bin": {
        "proto-loader-gen-types": "build/bin/proto-loader-gen-types.js"
      },
      "engines": {
        "node": ">=6"
      }
    },
    "node_modules/@protobufjs/aspromise": {
      "version": "1.1.2",
      "license": "BSD-3-Clause"
    },
    "node_modules/@protobufjs/base64": {
      "version": "1.1.2",
      "license": "BSD-3-Clause"
    },
    "node_modules/@protobufjs/codegen": {
      "version": "2.0.4",
      "license": "BSD-3-Clause"
    },
    "node_modules/@protobufjs/eventemitter": {
      "version": "1.1.0",
      "license": "BSD-3-Clause"
    },
    "node_modules/@protobufjs/fetch": {
      "version": "1.1.0",
      "license": "BSD-3-Clause",
      "dependencies": {
        "@protobufjs/aspromise": "^1.1.1",
        "@protobufjs/inquire": "^1.1.0"
      }
    },
    "node_modules/@protobufjs/float": {
      "version": "1.0.2",
      "license": "BSD-3-Clause"
    },
    "node_modules/@protobufjs/inquire": {
      "version": "1.1.0",
      "license": "BSD-3-Clause"
    },
    "node_modules/@protobufjs/path": {
      "version": "1.1.2",
      "license": "BSD-3-Clause"
    },
    "node_modules/@protobufjs/pool": {
      "version": "1.1.0",
      "license": "BSD-3-Clause"
    },
    "node_modules/@protobufjs/utf8": {
      "version": "1.1.0",
      "license": "BSD-3-Clause"
    },
    "node_modules/@types/node": {
      "version": "20.14.10",
      "license": "MIT",
      "dependencies": {
        "undici-types": "~5.26.4"
      }
    },
    "node_modules/ansi-regex": {
      "version": "5.0.1",
      "license": "MIT",
      "engines": {
        "node": ">=8"
      }
    },
    "node_modules/ansi-styles": {
      "version": "4.3.0",
      "license": "MIT",
      "dependencies": {
        "color-convert": "^2.0.1"
      },
      "engines": {
        "node": ">=8"
      },
      "funding": {
        "url": "https://github.com/chalk/ansi-styles?sponsor=1"
      }
    },
    "node_modules/anymatch": {
      "version": "3.1.3",
      "resolved": "https://registry.npmjs.org/anymatch/-/anymatch-3.1.3.tgz",
      "integrity": "sha512-KMReFUr0B4t+D+OBkjR3KYqvocp2XaSzO55UcB6mgQMd3KbcE+mWTyvVV7D/zsdEbNnV6acZUutkiHQXvTr1Rw==",
      "dependencies": {
        "normalize-path": "^3.0.0",
        "picomatch": "^2.0.4"
      },
      "engines": {
        "node": ">= 8"
      }
    },
    "node_modules/asynckit": {
      "version": "0.4.0",
      "resolved": "https://registry.npmjs.org/asynckit/-/asynckit-0.4.0.tgz",
      "integrity": "sha512-Oei9OH4tRh0YqU3GxhX79dM/mwVgvbZJaSNaRk+bshkj0S5cfHcgYakreBjrHwatXKbz+IoIdYLxrKim2MjW0Q=="
    },
    "node_modules/axios": {
      "version": "1.7.5",
      "resolved": "https://registry.npmjs.org/axios/-/axios-1.7.5.tgz",
      "integrity": "sha512-fZu86yCo+svH3uqJ/yTdQ0QHpQu5oL+/QE+QPSv6BZSkDAoky9vytxp7u5qk83OJFS3kEBcesWni9WTZAv3tSw==",
      "license": "MIT",
      "dependencies": {
        "follow-redirects": "^1.15.6",
        "form-data": "^4.0.0",
        "proxy-from-env": "^1.1.0"
      }
    },
    "node_modules/binary-extensions": {
      "version": "2.3.0",
      "resolved": "https://registry.npmjs.org/binary-extensions/-/binary-extensions-2.3.0.tgz",
      "integrity": "sha512-Ceh+7ox5qe7LJuLHoY0feh3pHuUDHAcRUeyL2VYghZwfpkNIy/+8Ocg0a3UuSoYzavmylwuLWQOf3hl0jjMMIw==",
      "engines": {
        "node": ">=8"
      },
      "funding": {
        "url": "https://github.com/sponsors/sindresorhus"
      }
    },
    "node_modules/braces": {
      "version": "3.0.3",
      "resolved": "https://registry.npmjs.org/braces/-/braces-3.0.3.tgz",
      "integrity": "sha512-yQbXgO/OSZVD2IsiLlro+7Hf6Q18EJrKSEsdoMzKePKXct3gvD8oLcOQdIzGupr5Fj+EDe8gO/lxc1BzfMpxvA==",
      "dependencies": {
        "fill-range": "^7.1.1"
      },
      "engines": {
        "node": ">=8"
      }
    },
    "node_modules/chokidar": {
      "version": "3.6.0",
      "resolved": "https://registry.npmjs.org/chokidar/-/chokidar-3.6.0.tgz",
      "integrity": "sha512-7VT13fmjotKpGipCW9JEQAusEPE+Ei8nl6/g4FBAmIm0GOOLMua9NDDo/DWp0ZAxCr3cPq5ZpBqmPAQgDda2Pw==",
      "dependencies": {
        "anymatch": "~3.1.2",
        "braces": "~3.0.2",
        "glob-parent": "~5.1.2",
        "is-binary-path": "~2.1.0",
        "is-glob": "~4.0.1",
        "normalize-path": "~3.0.0",
        "readdirp": "~3.6.0"
      },
      "engines": {
        "node": ">= 8.10.0"
      },
      "funding": {
        "url": "https://paulmillr.com/funding/"
      },
      "optionalDependencies": {
        "fsevents": "~2.3.2"
      }
    },
    "node_modules/cliui": {
      "version": "8.0.1",
      "license": "ISC",
      "dependencies": {
        "string-width": "^4.2.0",
        "strip-ansi": "^6.0.1",
        "wrap-ansi": "^7.0.0"
      },
      "engines": {
        "node": ">=12"
      }
    },
    "node_modules/color-convert": {
      "version": "2.0.1",
      "license": "MIT",
      "dependencies": {
        "color-name": "~1.1.4"
      },
      "engines": {
        "node": ">=7.0.0"
      }
    },
    "node_modules/color-name": {
      "version": "1.1.4",
      "license": "MIT"
    },
    "node_modules/combined-stream": {
      "version": "1.0.8",
      "resolved": "https://registry.npmjs.org/combined-stream/-/combined-stream-1.0.8.tgz",
      "integrity": "sha512-FQN4MRfuJeHf7cBbBMJFXhKSDq+2kAArBlmRBvcvFE5BB1HZKXtSFASDhdlz9zOYwxh8lDdnvmMOe/+5cdoEdg==",
      "dependencies": {
        "delayed-stream": "~1.0.0"
      },
      "engines": {
        "node": ">= 0.8"
      }
    },
    "node_modules/delayed-stream": {
      "version": "1.0.0",
      "resolved": "https://registry.npmjs.org/delayed-stream/-/delayed-stream-1.0.0.tgz",
      "integrity": "sha512-ZySD7Nf91aLB0RxL4KGrKHBXl7Eds1DAmEdcoVawXnLD7SDhpNgtuII2aAkg7a7QS41jxPSZ17p4VdGnMHk3MQ==",
      "engines": {
        "node": ">=0.4.0"
      }
    },
    "node_modules/dotenv": {
      "version": "16.4.5",
      "resolved": "https://registry.npmjs.org/dotenv/-/dotenv-16.4.5.tgz",
      "integrity": "sha512-ZmdL2rui+eB2YwhsWzjInR8LldtZHGDoQ1ugH85ppHKwpUHL7j7rN0Ti9NCnGiQbhaZ11FpR+7ao1dNsmduNUg==",
      "engines": {
        "node": ">=12"
      },
      "funding": {
        "url": "https://dotenvx.com"
      }
    },
    "node_modules/emoji-regex": {
      "version": "8.0.0",
      "license": "MIT"
    },
    "node_modules/escalade": {
      "version": "3.1.2",
      "license": "MIT",
      "engines": {
        "node": ">=6"
      }
    },
    "node_modules/faye-websocket": {
      "version": "0.11.4",
      "license": "Apache-2.0",
      "dependencies": {
        "websocket-driver": ">=0.5.1"
      },
      "engines": {
        "node": ">=0.8.0"
      }
    },
    "node_modules/fill-range": {
      "version": "7.1.1",
      "resolved": "https://registry.npmjs.org/fill-range/-/fill-range-7.1.1.tgz",
      "integrity": "sha512-YsGpe3WHLK8ZYi4tWDg2Jy3ebRz2rXowDxnld4bkQB00cc/1Zw9AWnC0i9ztDJitivtQvaI9KaLyKrc+hBW0yg==",
      "dependencies": {
        "to-regex-range": "^5.0.1"
      },
      "engines": {
        "node": ">=8"
      }
    },
    "node_modules/firebase": {
      "version": "10.12.3",
      "license": "Apache-2.0",
      "dependencies": {
        "@firebase/analytics": "0.10.5",
        "@firebase/analytics-compat": "0.2.11",
        "@firebase/app": "0.10.6",
        "@firebase/app-check": "0.8.5",
        "@firebase/app-check-compat": "0.3.12",
        "@firebase/app-compat": "0.2.36",
        "@firebase/app-types": "0.9.2",
        "@firebase/auth": "1.7.5",
        "@firebase/auth-compat": "0.5.10",
        "@firebase/database": "1.0.6",
        "@firebase/database-compat": "1.0.6",
        "@firebase/firestore": "4.6.4",
        "@firebase/firestore-compat": "0.3.33",
        "@firebase/functions": "0.11.6",
        "@firebase/functions-compat": "0.3.12",
        "@firebase/installations": "0.6.8",
        "@firebase/installations-compat": "0.2.8",
        "@firebase/messaging": "0.12.10",
        "@firebase/messaging-compat": "0.2.10",
        "@firebase/performance": "0.6.8",
        "@firebase/performance-compat": "0.2.8",
        "@firebase/remote-config": "0.4.8",
        "@firebase/remote-config-compat": "0.2.8",
        "@firebase/storage": "0.12.6",
        "@firebase/storage-compat": "0.3.9",
        "@firebase/util": "1.9.7",
        "@firebase/vertexai-preview": "0.0.3"
      }
    },
    "node_modules/follow-redirects": {
      "version": "1.15.6",
      "resolved": "https://registry.npmjs.org/follow-redirects/-/follow-redirects-1.15.6.tgz",
      "integrity": "sha512-wWN62YITEaOpSK584EZXJafH1AGpO8RVgElfkuXbTOrPX4fIfOyEpW/CsiNd8JdYrAoOvafRTOEnvsO++qCqFA==",
      "funding": [
        {
          "type": "individual",
          "url": "https://github.com/sponsors/RubenVerborgh"
        }
      ],
      "engines": {
        "node": ">=4.0"
      },
      "peerDependenciesMeta": {
        "debug": {
          "optional": true
        }
      }
    },
    "node_modules/form-data": {
      "version": "4.0.0",
      "resolved": "https://registry.npmjs.org/form-data/-/form-data-4.0.0.tgz",
      "integrity": "sha512-ETEklSGi5t0QMZuiXoA/Q6vcnxcLQP5vdugSpuAyi6SVGi2clPPp+xgEhuMaHC+zGgn31Kd235W35f7Hykkaww==",
      "dependencies": {
        "asynckit": "^0.4.0",
        "combined-stream": "^1.0.8",
        "mime-types": "^2.1.12"
      },
      "engines": {
        "node": ">= 6"
      }
    },
    "node_modules/fsevents": {
      "version": "2.3.3",
      "resolved": "https://registry.npmjs.org/fsevents/-/fsevents-2.3.3.tgz",
      "integrity": "sha512-5xoDfX+fL7faATnagmWPpbFtwh/R77WmMMqqHGS65C3vvB0YHrgF+B1YmZ3441tMj5n63k0212XNoJwzlhffQw==",
      "hasInstallScript": true,
      "optional": true,
      "os": [
        "darwin"
      ],
      "engines": {
        "node": "^8.16.0 || ^10.6.0 || >=11.0.0"
      }
    },
    "node_modules/get-caller-file": {
      "version": "2.0.5",
      "license": "ISC",
      "engines": {
        "node": "6.* || 8.* || >= 10.*"
      }
    },
    "node_modules/glob-parent": {
      "version": "5.1.2",
      "resolved": "https://registry.npmjs.org/glob-parent/-/glob-parent-5.1.2.tgz",
      "integrity": "sha512-AOIgSQCepiJYwP3ARnGx+5VnTu2HBYdzbGP45eLw1vr3zB3vZLeyed1sC9hnbcOc9/SrMyM5RPQrkGz4aS9Zow==",
      "dependencies": {
        "is-glob": "^4.0.1"
      },
      "engines": {
        "node": ">= 6"
      }
    },
    "node_modules/growly": {
      "version": "1.3.0",
      "resolved": "https://registry.npmjs.org/growly/-/growly-1.3.0.tgz",
      "integrity": "sha512-+xGQY0YyAWCnqy7Cd++hc2JqMYzlm0dG30Jd0beaA64sROr8C4nt8Yc9V5Ro3avlSUDTN0ulqP/VBKi1/lLygw==",
      "license": "MIT"
    },
    "node_modules/http-parser-js": {
      "version": "0.5.8",
      "license": "MIT"
    },
    "node_modules/idb": {
      "version": "7.1.1",
      "license": "ISC"
    },
    "node_modules/is-binary-path": {
      "version": "2.1.0",
      "resolved": "https://registry.npmjs.org/is-binary-path/-/is-binary-path-2.1.0.tgz",
      "integrity": "sha512-ZMERYes6pDydyuGidse7OsHxtbI7WVeUEozgR/g7rd0xUimYNlvZRE/K2MgZTjWy725IfelLeVcEM97mmtRGXw==",
      "dependencies": {
        "binary-extensions": "^2.0.0"
      },
      "engines": {
        "node": ">=8"
      }
    },
    "node_modules/is-docker": {
      "version": "2.2.1",
      "resolved": "https://registry.npmjs.org/is-docker/-/is-docker-2.2.1.tgz",
      "integrity": "sha512-F+i2BKsFrH66iaUFc0woD8sLy8getkwTwtOBjvs56Cx4CgJDeKQeqfz8wAYiSb8JOprWhHH5p77PbmYCvvUuXQ==",
      "license": "MIT",
      "bin": {
        "is-docker": "cli.js"
      },
      "engines": {
        "node": ">=8"
      },
      "funding": {
        "url": "https://github.com/sponsors/sindresorhus"
      }
    },
    "node_modules/is-extglob": {
      "version": "2.1.1",
      "resolved": "https://registry.npmjs.org/is-extglob/-/is-extglob-2.1.1.tgz",
      "integrity": "sha512-SbKbANkN603Vi4jEZv49LeVJMn4yGwsbzZworEoyEiutsN3nJYdbO36zfhGJ6QEDpOZIFkDtnq5JRxmvl3jsoQ==",
      "engines": {
        "node": ">=0.10.0"
      }
    },
    "node_modules/is-fullwidth-code-point": {
      "version": "3.0.0",
      "license": "MIT",
      "engines": {
        "node": ">=8"
      }
    },
    "node_modules/is-glob": {
      "version": "4.0.3",
      "resolved": "https://registry.npmjs.org/is-glob/-/is-glob-4.0.3.tgz",
      "integrity": "sha512-xelSayHH36ZgE7ZWhli7pW34hNbNl8Ojv5KVmkJD4hBdD3th8Tfk9vYasLM+mXWOZhFkgZfxhLSnrwRr4elSSg==",
      "dependencies": {
        "is-extglob": "^2.1.1"
      },
      "engines": {
        "node": ">=0.10.0"
      }
    },
    "node_modules/is-number": {
      "version": "7.0.0",
      "resolved": "https://registry.npmjs.org/is-number/-/is-number-7.0.0.tgz",
      "integrity": "sha512-41Cifkg6e8TylSpdtTpeLVMqvSBEVzTttHvERD741+pnZ8ANv0004MRL43QKPDlK9cGvNp6NZWZUBlbGXYxxng==",
      "engines": {
        "node": ">=0.12.0"
      }
    },
    "node_modules/is-wsl": {
      "version": "2.2.0",
      "resolved": "https://registry.npmjs.org/is-wsl/-/is-wsl-2.2.0.tgz",
      "integrity": "sha512-fKzAra0rGJUUBwGBgNkHZuToZcn+TtXHpeCgmkMJMMYx1sQDYaCSyjJBSCa2nH1DGm7s3n1oBnohoVTBaN7Lww==",
      "license": "MIT",
      "dependencies": {
        "is-docker": "^2.0.0"
      },
      "engines": {
        "node": ">=8"
      }
    },
    "node_modules/isexe": {
      "version": "2.0.0",
      "resolved": "https://registry.npmjs.org/isexe/-/isexe-2.0.0.tgz",
      "integrity": "sha512-RHxMLp9lnKHGHRng9QFhRCMbYAcVpn69smSGcq3f36xjgVVWThj4qqLbTLlq7Ssj8B+fIQ1EuCEGI2lKsyQeIw==",
      "license": "ISC"
    },
    "node_modules/lodash.camelcase": {
      "version": "4.3.0",
      "license": "MIT"
    },
    "node_modules/long": {
      "version": "5.2.3",
      "license": "Apache-2.0"
    },
    "node_modules/mime-db": {
      "version": "1.52.0",
      "resolved": "https://registry.npmjs.org/mime-db/-/mime-db-1.52.0.tgz",
      "integrity": "sha512-sPU4uV7dYlvtWJxwwxHD0PuihVNiE7TyAbQ5SWxDCB9mUYvOgroQOwYQQOKPJ8CIbE+1ETVlOoK1UC2nU3gYvg==",
      "engines": {
        "node": ">= 0.6"
      }
    },
    "node_modules/mime-types": {
      "version": "2.1.35",
      "resolved": "https://registry.npmjs.org/mime-types/-/mime-types-2.1.35.tgz",
      "integrity": "sha512-ZDY+bPm5zTTF+YpCrAU9nK0UgICYPT0QtT1NZWFv4s++TNkcgVaT0g6+4R2uI4MjQjzysHB1zxuWL50hzaeXiw==",
      "dependencies": {
        "mime-db": "1.52.0"
      },
      "engines": {
        "node": ">= 0.6"
      }
    },
    "node_modules/node-notifier": {
      "version": "10.0.1",
      "resolved": "https://registry.npmjs.org/node-notifier/-/node-notifier-10.0.1.tgz",
      "integrity": "sha512-YX7TSyDukOZ0g+gmzjB6abKu+hTGvO8+8+gIFDsRCU2t8fLV/P2unmt+LGFaIa4y64aX98Qksa97rgz4vMNeLQ==",
      "license": "MIT",
      "dependencies": {
        "growly": "^1.3.0",
        "is-wsl": "^2.2.0",
        "semver": "^7.3.5",
        "shellwords": "^0.1.1",
        "uuid": "^8.3.2",
        "which": "^2.0.2"
      }
    },
    "node_modules/normalize-path": {
      "version": "3.0.0",
      "resolved": "https://registry.npmjs.org/normalize-path/-/normalize-path-3.0.0.tgz",
      "integrity": "sha512-6eZs5Ls3WtCisHWp9S2GUy8dqkpGi4BVSz3GaqiE6ezub0512ESztXUwUB6C6IKbQkY2Pnb/mD4WYojCRwcwLA==",
      "engines": {
        "node": ">=0.10.0"
      }
    },
    "node_modules/picomatch": {
      "version": "2.3.1",
      "resolved": "https://registry.npmjs.org/picomatch/-/picomatch-2.3.1.tgz",
      "integrity": "sha512-JU3teHTNjmE2VCGFzuY8EXzCDVwEqB2a8fsIvwaStHhAWJEeVd1o1QD80CU6+ZdEXXSLbSsuLwJjkCBWqRQUVA==",
      "engines": {
        "node": ">=8.6"
      },
      "funding": {
        "url": "https://github.com/sponsors/jonschlinkert"
      }
    },
    "node_modules/protobufjs": {
      "version": "7.3.2",
      "hasInstallScript": true,
      "license": "BSD-3-Clause",
      "dependencies": {
        "@protobufjs/aspromise": "^1.1.2",
        "@protobufjs/base64": "^1.1.2",
        "@protobufjs/codegen": "^2.0.4",
        "@protobufjs/eventemitter": "^1.1.0",
        "@protobufjs/fetch": "^1.1.0",
        "@protobufjs/float": "^1.0.2",
        "@protobufjs/inquire": "^1.1.0",
        "@protobufjs/path": "^1.1.2",
        "@protobufjs/pool": "^1.1.0",
        "@protobufjs/utf8": "^1.1.0",
        "@types/node": ">=13.7.0",
        "long": "^5.0.0"
      },
      "engines": {
        "node": ">=12.0.0"
      }
    },
    "node_modules/proxy-from-env": {
      "version": "1.1.0",
      "resolved": "https://registry.npmjs.org/proxy-from-env/-/proxy-from-env-1.1.0.tgz",
      "integrity": "sha512-D+zkORCbA9f1tdWRK0RaCR3GPv50cMxcrz4X8k5LTSUD1Dkw47mKJEZQNunItRTkWwgtaUSo1RVFRIG9ZXiFYg=="
    },
    "node_modules/readdirp": {
      "version": "3.6.0",
      "resolved": "https://registry.npmjs.org/readdirp/-/readdirp-3.6.0.tgz",
      "integrity": "sha512-hOS089on8RduqdbhvQ5Z37A0ESjsqz6qnRcffsMU3495FuTdqSm+7bhJ29JvIOsBDEEnan5DPu9t3To9VRlMzA==",
      "dependencies": {
        "picomatch": "^2.2.1"
      },
      "engines": {
        "node": ">=8.10.0"
      }
    },
    "node_modules/require-directory": {
      "version": "2.1.1",
      "license": "MIT",
      "engines": {
        "node": ">=0.10.0"
      }
    },
    "node_modules/safe-buffer": {
      "version": "5.2.1",
      "funding": [
        {
          "type": "github",
          "url": "https://github.com/sponsors/feross"
        },
        {
          "type": "patreon",
          "url": "https://www.patreon.com/feross"
        },
        {
          "type": "consulting",
          "url": "https://feross.org/support"
        }
      ],
      "license": "MIT"
    },
    "node_modules/semver": {
      "version": "7.6.3",
      "resolved": "https://registry.npmjs.org/semver/-/semver-7.6.3.tgz",
      "integrity": "sha512-oVekP1cKtI+CTDvHWYFUcMtsK/00wmAEfyqKfNdARm8u1wNVhSgaX7A8d4UuIlUI5e84iEwOhs7ZPYRmzU9U6A==",
      "license": "ISC",
      "bin": {
        "semver": "bin/semver.js"
      },
      "engines": {
        "node": ">=10"
      }
    },
    "node_modules/shellwords": {
      "version": "0.1.1",
      "resolved": "https://registry.npmjs.org/shellwords/-/shellwords-0.1.1.tgz",
      "integrity": "sha512-vFwSUfQvqybiICwZY5+DAWIPLKsWO31Q91JSKl3UYv+K5c2QRPzn0qzec6QPu1Qc9eHYItiP3NdJqNVqetYAww==",
      "license": "MIT"
    },
    "node_modules/string-width": {
      "version": "4.2.3",
      "license": "MIT",
      "dependencies": {
        "emoji-regex": "^8.0.0",
        "is-fullwidth-code-point": "^3.0.0",
        "strip-ansi": "^6.0.1"
      },
      "engines": {
        "node": ">=8"
      }
    },
    "node_modules/strip-ansi": {
      "version": "6.0.1",
      "license": "MIT",
      "dependencies": {
        "ansi-regex": "^5.0.1"
      },
      "engines": {
        "node": ">=8"
      }
    },
    "node_modules/to-regex-range": {
      "version": "5.0.1",
      "resolved": "https://registry.npmjs.org/to-regex-range/-/to-regex-range-5.0.1.tgz",
      "integrity": "sha512-65P7iz6X5yEr1cwcgvQxbbIw7Uk3gOy5dIdtZ4rDveLqhrdJP+Li/Hx6tyK0NEb+2GCyneCMJiGqrADCSNk8sQ==",
      "dependencies": {
        "is-number": "^7.0.0"
      },
      "engines": {
        "node": ">=8.0"
      }
    },
    "node_modules/tslib": {
      "version": "2.6.3",
      "license": "0BSD"
    },
    "node_modules/undici": {
      "version": "5.28.4",
      "license": "MIT",
      "dependencies": {
        "@fastify/busboy": "^2.0.0"
      },
      "engines": {
        "node": ">=14.0"
      }
    },
    "node_modules/undici-types": {
      "version": "5.26.5",
      "license": "MIT"
    },
    "node_modules/uuid": {
      "version": "8.3.2",
      "resolved": "https://registry.npmjs.org/uuid/-/uuid-8.3.2.tgz",
      "integrity": "sha512-+NYs2QeMWy+GWFOEm9xnn6HCDp0l7QBD7ml8zLUmJ+93Q5NF0NocErnwkTkXVFNiX3/fpC6afS8Dhb/gz7R7eg==",
      "license": "MIT",
      "bin": {
        "uuid": "dist/bin/uuid"
      }
    },
    "node_modules/websocket-driver": {
      "version": "0.7.4",
      "license": "Apache-2.0",
      "dependencies": {
        "http-parser-js": ">=0.5.1",
        "safe-buffer": ">=5.1.0",
        "websocket-extensions": ">=0.1.1"
      },
      "engines": {
        "node": ">=0.8.0"
      }
    },
    "node_modules/websocket-extensions": {
      "version": "0.1.4",
      "license": "Apache-2.0",
      "engines": {
        "node": ">=0.8.0"
      }
    },
    "node_modules/which": {
      "version": "2.0.2",
      "resolved": "https://registry.npmjs.org/which/-/which-2.0.2.tgz",
      "integrity": "sha512-BLI3Tl1TW3Pvl70l3yq3Y64i+awpwXqsGBYWkkqMtnbXgrMD+yj7rhW0kuEDxzJaYXGjEW5ogapKNMEKNMjibA==",
      "license": "ISC",
      "dependencies": {
        "isexe": "^2.0.0"
      },
      "bin": {
        "node-which": "bin/node-which"
      },
      "engines": {
        "node": ">= 8"
      }
    },
    "node_modules/wrap-ansi": {
      "version": "7.0.0",
      "license": "MIT",
      "dependencies": {
        "ansi-styles": "^4.0.0",
        "string-width": "^4.1.0",
        "strip-ansi": "^6.0.0"
      },
      "engines": {
        "node": ">=10"
      },
      "funding": {
        "url": "https://github.com/chalk/wrap-ansi?sponsor=1"
      }
    },
    "node_modules/y18n": {
      "version": "5.0.8",
      "license": "ISC",
      "engines": {
        "node": ">=10"
      }
    },
    "node_modules/yargs": {
      "version": "17.7.2",
      "license": "MIT",
      "dependencies": {
        "cliui": "^8.0.1",
        "escalade": "^3.1.1",
        "get-caller-file": "^2.0.5",
        "require-directory": "^2.1.1",
        "string-width": "^4.2.3",
        "y18n": "^5.0.5",
        "yargs-parser": "^21.1.1"
      },
      "engines": {
        "node": ">=12"
      }
    },
    "node_modules/yargs-parser": {
      "version": "21.1.1",
      "license": "ISC",
      "engines": {
        "node": ">=12"
      }
    }
  }
}
